
Microsoft Visual Studio Solution File, Format Version 12.00
# Visual Studio Version 17
VisualStudioVersion = 17.0.31903.59
MinimumVisualStudioVersion = 10.0.40219.1
Project("{2150E333-8FDC-42A3-9474-1A3956D46DE8}") = "tests", "tests", "{704EF907-1B9D-4A83-8EA4-DDA9BCB418E4}"
EndProject
Project("{FAE04EC0-301F-11D3-BF4B-00C04F79EFBC}") = "BookTracking.UnitTests", "tests\BookTracking.UnitTests\BookTracking.UnitTests.csproj", "{E5594FAE-5490-40B4-94AE-6F68C105B5D5}"
EndProject
Project("{2150E333-8FDC-42A3-9474-1A3956D46DE8}") = "src", "src", "{F2DF9B81-6A0F-49F9-B2E9-6EB01186E502}"
EndProject
Project("{FAE04EC0-301F-11D3-BF4B-00C04F79EFBC}") = "BookTracking.Domain", "src\BookTracking.Domain\BookTracking.Domain.csproj", "{576F163B-D7BB-4FAD-825A-358C24FBEC34}"
EndProject
Project("{FAE04EC0-301F-11D3-BF4B-00C04F79EFBC}") = "BookTracking.Application", "src\BookTracking.Application\BookTracking.Application.csproj", "{F54DC8B8-1682-42A2-AFF0-B0780D1B5A91}"
EndProject
Project("{FAE04EC0-301F-11D3-BF4B-00C04F79EFBC}") = "BookTracking.Infrastructure", "src\BookTracking.Infrastructure\BookTracking.Infrastructure.csproj", "{E57EF80B-161B-4B13-8179-ACC3EC50A01C}"
EndProject
Project("{FAE04EC0-301F-11D3-BF4B-00C04F79EFBC}") = "BookTracking.API", "src\BookTracking.API\BookTracking.API.csproj", "{D6261357-03C2-415F-9EA8-2D75046C2D4F}"
EndProject
Global
	GlobalSection(SolutionConfigurationPlatforms) = preSolution
		Debug|Any CPU = Debug|Any CPU
		Release|Any CPU = Release|Any CPU
	EndGlobalSection
	GlobalSection(SolutionProperties) = preSolution
		HideSolutionNode = FALSE
	EndGlobalSection
	GlobalSection(ProjectConfigurationPlatforms) = postSolution
		{E5594FAE-5490-40B4-94AE-6F68C105B5D5}.Debug|Any CPU.ActiveCfg = Debug|Any CPU
		{E5594FAE-5490-40B4-94AE-6F68C105B5D5}.Debug|Any CPU.Build.0 = Debug|Any CPU
		{E5594FAE-5490-40B4-94AE-6F68C105B5D5}.Release|Any CPU.ActiveCfg = Release|Any CPU
		{E5594FAE-5490-40B4-94AE-6F68C105B5D5}.Release|Any CPU.Build.0 = Release|Any CPU
		{576F163B-D7BB-4FAD-825A-358C24FBEC34}.Debug|Any CPU.ActiveCfg = Debug|Any CPU
		{576F163B-D7BB-4FAD-825A-358C24FBEC34}.Debug|Any CPU.Build.0 = Debug|Any CPU
		{576F163B-D7BB-4FAD-825A-358C24FBEC34}.Release|Any CPU.ActiveCfg = Release|Any CPU
		{576F163B-D7BB-4FAD-825A-358C24FBEC34}.Release|Any CPU.Build.0 = Release|Any CPU
		{F54DC8B8-1682-42A2-AFF0-B0780D1B5A91}.Debug|Any CPU.ActiveCfg = Debug|Any CPU
		{F54DC8B8-1682-42A2-AFF0-B0780D1B5A91}.Debug|Any CPU.Build.0 = Debug|Any CPU
		{F54DC8B8-1682-42A2-AFF0-B0780D1B5A91}.Release|Any CPU.ActiveCfg = Release|Any CPU
		{F54DC8B8-1682-42A2-AFF0-B0780D1B5A91}.Release|Any CPU.Build.0 = Release|Any CPU
		{E57EF80B-161B-4B13-8179-ACC3EC50A01C}.Debug|Any CPU.ActiveCfg = Debug|Any CPU
		{E57EF80B-161B-4B13-8179-ACC3EC50A01C}.Debug|Any CPU.Build.0 = Debug|Any CPU
		{E57EF80B-161B-4B13-8179-ACC3EC50A01C}.Release|Any CPU.ActiveCfg = Release|Any CPU
		{E57EF80B-161B-4B13-8179-ACC3EC50A01C}.Release|Any CPU.Build.0 = Release|Any CPU
		{D6261357-03C2-415F-9EA8-2D75046C2D4F}.Debug|Any CPU.ActiveCfg = Debug|Any CPU
		{D6261357-03C2-415F-9EA8-2D75046C2D4F}.Debug|Any CPU.Build.0 = Debug|Any CPU
		{D6261357-03C2-415F-9EA8-2D75046C2D4F}.Release|Any CPU.ActiveCfg = Release|Any CPU
		{D6261357-03C2-415F-9EA8-2D75046C2D4F}.Release|Any CPU.Build.0 = Release|Any CPU
	EndGlobalSection
	GlobalSection(NestedProjects) = preSolution
		{E5594FAE-5490-40B4-94AE-6F68C105B5D5} = {704EF907-1B9D-4A83-8EA4-DDA9BCB418E4}
		{576F163B-D7BB-4FAD-825A-358C24FBEC34} = {F2DF9B81-6A0F-49F9-B2E9-6EB01186E502}
		{F54DC8B8-1682-42A2-AFF0-B0780D1B5A91} = {F2DF9B81-6A0F-49F9-B2E9-6EB01186E502}
		{E57EF80B-161B-4B13-8179-ACC3EC50A01C} = {F2DF9B81-6A0F-49F9-B2E9-6EB01186E502}
		{D6261357-03C2-415F-9EA8-2D75046C2D4F} = {F2DF9B81-6A0F-49F9-B2E9-6EB01186E502}
	EndGlobalSection
EndGlobal
